
Microsoft Visual Studio Solution File, Format Version 12.00
# Visual Studio Version 16
VisualStudioVersion = 16.0.31605.320
MinimumVisualStudioVersion = 10.0.40219.1
Project("{9A19103F-16F7-4668-BE54-9A1E7A4F7556}") = "ForLoop_Exception", "ForLoop_Exception\ForLoop_Exception.csproj", "{8C6121A6-23A9-4FCF-8D9C-87C6C2D7A058}"
EndProject
Project("{FAE04EC0-301F-11D3-BF4B-00C04F79EFBC}") = "object_methods", "object_methods\object_methods.csproj", "{11FF7417-FC94-450D-9FB9-7EB5482E53DE}"
EndProject
Global
	GlobalSection(SolutionConfigurationPlatforms) = preSolution
		Debug|Any CPU = Debug|Any CPU
		Release|Any CPU = Release|Any CPU
	EndGlobalSection
	GlobalSection(ProjectConfigurationPlatforms) = postSolution
		{8C6121A6-23A9-4FCF-8D9C-87C6C2D7A058}.Debug|Any CPU.ActiveCfg = Debug|Any CPU
		{8C6121A6-23A9-4FCF-8D9C-87C6C2D7A058}.Debug|Any CPU.Build.0 = Debug|Any CPU
		{8C6121A6-23A9-4FCF-8D9C-87C6C2D7A058}.Release|Any CPU.ActiveCfg = Release|Any CPU
		{8C6121A6-23A9-4FCF-8D9C-87C6C2D7A058}.Release|Any CPU.Build.0 = Release|Any CPU
		{11FF7417-FC94-450D-9FB9-7EB5482E53DE}.Debug|Any CPU.ActiveCfg = Debug|Any CPU
		{11FF7417-FC94-450D-9FB9-7EB5482E53DE}.Debug|Any CPU.Build.0 = Debug|Any CPU
		{11FF7417-FC94-450D-9FB9-7EB5482E53DE}.Release|Any CPU.ActiveCfg = Release|Any CPU
		{11FF7417-FC94-450D-9FB9-7EB5482E53DE}.Release|Any CPU.Build.0 = Release|Any CPU
	EndGlobalSection
	GlobalSection(SolutionProperties) = preSolution
		HideSolutionNode = FALSE
	EndGlobalSection
	GlobalSection(ExtensibilityGlobals) = postSolution
		SolutionGuid = {0F96D16C-4F1A-4BBC-895C-117F9537C459}
	EndGlobalSection
EndGlobal
